
Microsoft Visual Studio Solution File, Format Version 12.00
# Visual Studio Version 17
VisualStudioVersion = 17.14.36414.22
MinimumVisualStudioVersion = 10.0.40219.1
Project("{2150E333-8FDC-42A3-9474-1A3956D46DE8}") = "Services", "Services", "{02EA681E-C7D8-13C7-8484-4AC65E1B71E8}"
EndProject
Project("{2150E333-8FDC-42A3-9474-1A3956D46DE8}") = "Catalog", "Catalog", "{6DDC6672-ECFE-47A3-9443-5C1441543E9C}"
EndProject
Project("{FAE04EC0-301F-11D3-BF4B-00C04F79EFBC}") = "Catalog.API", "Services\Catalog\Catalog.API\Catalog.API.csproj", "{6C10570D-E509-492F-86F6-C3D71F9074FF}"
EndProject
Project("{2150E333-8FDC-42A3-9474-1A3956D46DE8}") = "BuildingBlocks", "BuildingBlocks", "{0AEF6AE3-1CD6-4905-913D-AD5F78E22197}"
EndProject
Project("{FAE04EC0-301F-11D3-BF4B-00C04F79EFBC}") = "BuildingBlocks", "BuildingBlocks\BuildingBlocks\BuildingBlocks.csproj", "{43249E31-7D7C-4AD5-9EB4-CF54BF03A12D}"
EndProject
Project("{E53339B2-1760-4266-BCC7-CA923CBCF16C}") = "docker-compose", "docker-compose.dcproj", "{81DDED9D-158B-E303-5F62-77A2896D2A5A}"
EndProject
Project("{2150E333-8FDC-42A3-9474-1A3956D46DE8}") = "Basket", "Basket", "{3F1D42C4-6857-49EA-A85A-FF35EAF292B7}"
EndProject
Project("{FAE04EC0-301F-11D3-BF4B-00C04F79EFBC}") = "Basket.API", "Services\Basket\Basket.API\Basket.API.csproj", "{C8F615B8-9731-40DD-A251-9CAE9DB390B5}"
EndProject
Global
	GlobalSection(SolutionConfigurationPlatforms) = preSolution
		Debug|Any CPU = Debug|Any CPU
		Release|Any CPU = Release|Any CPU
	EndGlobalSection
	GlobalSection(ProjectConfigurationPlatforms) = postSolution
		{6C10570D-E509-492F-86F6-C3D71F9074FF}.Debug|Any CPU.ActiveCfg = Debug|Any CPU
		{6C10570D-E509-492F-86F6-C3D71F9074FF}.Debug|Any CPU.Build.0 = Debug|Any CPU
		{6C10570D-E509-492F-86F6-C3D71F9074FF}.Release|Any CPU.ActiveCfg = Release|Any CPU
		{6C10570D-E509-492F-86F6-C3D71F9074FF}.Release|Any CPU.Build.0 = Release|Any CPU
		{43249E31-7D7C-4AD5-9EB4-CF54BF03A12D}.Debug|Any CPU.ActiveCfg = Debug|Any CPU
		{43249E31-7D7C-4AD5-9EB4-CF54BF03A12D}.Debug|Any CPU.Build.0 = Debug|Any CPU
		{43249E31-7D7C-4AD5-9EB4-CF54BF03A12D}.Release|Any CPU.ActiveCfg = Release|Any CPU
		{43249E31-7D7C-4AD5-9EB4-CF54BF03A12D}.Release|Any CPU.Build.0 = Release|Any CPU
		{81DDED9D-158B-E303-5F62-77A2896D2A5A}.Debug|Any CPU.ActiveCfg = Debug|Any CPU
		{81DDED9D-158B-E303-5F62-77A2896D2A5A}.Debug|Any CPU.Build.0 = Debug|Any CPU
		{81DDED9D-158B-E303-5F62-77A2896D2A5A}.Release|Any CPU.ActiveCfg = Release|Any CPU
		{81DDED9D-158B-E303-5F62-77A2896D2A5A}.Release|Any CPU.Build.0 = Release|Any CPU
		{C8F615B8-9731-40DD-A251-9CAE9DB390B5}.Debug|Any CPU.ActiveCfg = Debug|Any CPU
		{C8F615B8-9731-40DD-A251-9CAE9DB390B5}.Debug|Any CPU.Build.0 = Debug|Any CPU
		{C8F615B8-9731-40DD-A251-9CAE9DB390B5}.Release|Any CPU.ActiveCfg = Release|Any CPU
		{C8F615B8-9731-40DD-A251-9CAE9DB390B5}.Release|Any CPU.Build.0 = Release|Any CPU
	EndGlobalSection
	GlobalSection(SolutionProperties) = preSolution
		HideSolutionNode = FALSE
	EndGlobalSection
	GlobalSection(NestedProjects) = preSolution
		{6DDC6672-ECFE-47A3-9443-5C1441543E9C} = {02EA681E-C7D8-13C7-8484-4AC65E1B71E8}
		{6C10570D-E509-492F-86F6-C3D71F9074FF} = {6DDC6672-ECFE-47A3-9443-5C1441543E9C}
		{43249E31-7D7C-4AD5-9EB4-CF54BF03A12D} = {0AEF6AE3-1CD6-4905-913D-AD5F78E22197}
		{3F1D42C4-6857-49EA-A85A-FF35EAF292B7} = {02EA681E-C7D8-13C7-8484-4AC65E1B71E8}
		{C8F615B8-9731-40DD-A251-9CAE9DB390B5} = {3F1D42C4-6857-49EA-A85A-FF35EAF292B7}
	EndGlobalSection
	GlobalSection(ExtensibilityGlobals) = postSolution
		SolutionGuid = {5C851AC4-E90A-43BC-BBA6-E6D725122AAC}
	EndGlobalSection
EndGlobal
